
Microsoft Visual Studio Solution File, Format Version 12.00
# Visual Studio 15
Project("{FAE04EC0-301F-11D3-BF4B-00C04F79EFBC}") = "Assembly-CSharp", "Assembly-CSharp.csproj", "{F83EEF3E-B683-7991-7CDB-FD37260FC6DE}"
EndProject
Project("{FAE04EC0-301F-11D3-BF4B-00C04F79EFBC}") = "Assembly-CSharp-Editor", "Assembly-CSharp-Editor.csproj", "{C89E01BA-D78F-48D5-2076-E0770A11CF11}"
EndProject
Global
	GlobalSection(SolutionConfigurationPlatforms) = preSolution
		Debug|Any CPU = Debug|Any CPU
		Release|Any CPU = Release|Any CPU
	EndGlobalSection
	GlobalSection(ProjectConfigurationPlatforms) = postSolution
		{F83EEF3E-B683-7991-7CDB-FD37260FC6DE}.Debug|Any CPU.ActiveCfg = Debug|Any CPU
		{F83EEF3E-B683-7991-7CDB-FD37260FC6DE}.Debug|Any CPU.Build.0 = Debug|Any CPU
		{F83EEF3E-B683-7991-7CDB-FD37260FC6DE}.Release|Any CPU.ActiveCfg = Release|Any CPU
		{F83EEF3E-B683-7991-7CDB-FD37260FC6DE}.Release|Any CPU.Build.0 = Release|Any CPU
		{C89E01BA-D78F-48D5-2076-E0770A11CF11}.Debug|Any CPU.ActiveCfg = Debug|Any CPU
		{C89E01BA-D78F-48D5-2076-E0770A11CF11}.Debug|Any CPU.Build.0 = Debug|Any CPU
		{C89E01BA-D78F-48D5-2076-E0770A11CF11}.Release|Any CPU.ActiveCfg = Release|Any CPU
		{C89E01BA-D78F-48D5-2076-E0770A11CF11}.Release|Any CPU.Build.0 = Release|Any CPU
	EndGlobalSection
	GlobalSection(SolutionProperties) = preSolution
		HideSolutionNode = FALSE
	EndGlobalSection
EndGlobal
